
Microsoft Visual Studio Solution File, Format Version 12.00
# Visual Studio Version 17
VisualStudioVersion = 17.14.36127.28
MinimumVisualStudioVersion = 10.0.40219.1
Project("{FAE04EC0-301F-11D3-BF4B-00C04F79EFBC}") = "Trevoria", "Trevoria.csproj", "{C30773C9-CEF8-4F62-9E94-5E7330678317}"
EndProject
Global
	GlobalSection(SolutionConfigurationPlatforms) = preSolution
		Debug|Any CPU = Debug|Any CPU
		Release|Any CPU = Release|Any CPU
	EndGlobalSection
	GlobalSection(ProjectConfigurationPlatforms) = postSolution
		{C30773C9-CEF8-4F62-9E94-5E7330678317}.Debug|Any CPU.ActiveCfg = Debug|Any CPU
		{C30773C9-CEF8-4F62-9E94-5E7330678317}.Debug|Any CPU.Build.0 = Debug|Any CPU
		{C30773C9-CEF8-4F62-9E94-5E7330678317}.Debug|Any CPU.Deploy.0 = Debug|Any CPU
		{C30773C9-CEF8-4F62-9E94-5E7330678317}.Release|Any CPU.ActiveCfg = Debug|Any CPU
		{C30773C9-CEF8-4F62-9E94-5E7330678317}.Release|Any CPU.Build.0 = Debug|Any CPU
		{C30773C9-CEF8-4F62-9E94-5E7330678317}.Release|Any CPU.Deploy.0 = Debug|Any CPU
	EndGlobalSection
	GlobalSection(SolutionProperties) = preSolution
		HideSolutionNode = FALSE
	EndGlobalSection
	GlobalSection(ExtensibilityGlobals) = postSolution
		SolutionGuid = {B2DA45E3-D862-4A35-B98C-A1605F03A458}
	EndGlobalSection
EndGlobal
